
Microsoft Visual Studio Solution File, Format Version 12.00
# Visual Studio 15
VisualStudioVersion = 15.0.27428.2037
MinimumVisualStudioVersion = 10.0.40219.1
Project("{FAE04EC0-301F-11D3-BF4B-00C04F79EFBC}") = "JsonUtils.Client", "JsonUtils.Client\JsonUtils.Client.csproj", "{6F3F426C-8798-4A55-BF17-FAFFC8BB90DE}"
EndProject
Project("{FAE04EC0-301F-11D3-BF4B-00C04F79EFBC}") = "JsonUtils.Parser", "JsonUtils\JsonUtils.Parser.csproj", "{65DABE5C-8881-4EF5-B632-D3099AF8EF56}"
EndProject
Global
	GlobalSection(SolutionConfigurationPlatforms) = preSolution
		Debug|Any CPU = Debug|Any CPU
		Release|Any CPU = Release|Any CPU
	EndGlobalSection
	GlobalSection(ProjectConfigurationPlatforms) = postSolution
		{6F3F426C-8798-4A55-BF17-FAFFC8BB90DE}.Debug|Any CPU.ActiveCfg = Debug|Any CPU
		{6F3F426C-8798-4A55-BF17-FAFFC8BB90DE}.Debug|Any CPU.Build.0 = Debug|Any CPU
		{6F3F426C-8798-4A55-BF17-FAFFC8BB90DE}.Release|Any CPU.ActiveCfg = Release|Any CPU
		{6F3F426C-8798-4A55-BF17-FAFFC8BB90DE}.Release|Any CPU.Build.0 = Release|Any CPU
		{65DABE5C-8881-4EF5-B632-D3099AF8EF56}.Debug|Any CPU.ActiveCfg = Debug|Any CPU
		{65DABE5C-8881-4EF5-B632-D3099AF8EF56}.Debug|Any CPU.Build.0 = Debug|Any CPU
		{65DABE5C-8881-4EF5-B632-D3099AF8EF56}.Release|Any CPU.ActiveCfg = Release|Any CPU
		{65DABE5C-8881-4EF5-B632-D3099AF8EF56}.Release|Any CPU.Build.0 = Release|Any CPU
	EndGlobalSection
	GlobalSection(SolutionProperties) = preSolution
		HideSolutionNode = FALSE
	EndGlobalSection
	GlobalSection(ExtensibilityGlobals) = postSolution
		SolutionGuid = {691EFA3E-61C0-4798-BD00-395B702FB880}
	EndGlobalSection
EndGlobal
